
Microsoft Visual Studio Solution File, Format Version 12.00
# Visual Studio 15
VisualStudioVersion = 15.0.28010.2026
MinimumVisualStudioVersion = 10.0.40219.1
Project("{FAE04EC0-301F-11D3-BF4B-00C04F79EFBC}") = "Zadontseva_04", "Zadontseva_04.csproj", "{4CBB232D-3D90-4491-B2FB-1B3AA7E32659}"
EndProject
Global
	GlobalSection(SolutionConfigurationPlatforms) = preSolution
		Debug|Any CPU = Debug|Any CPU
		Release|Any CPU = Release|Any CPU
	EndGlobalSection
	GlobalSection(ProjectConfigurationPlatforms) = postSolution
		{4CBB232D-3D90-4491-B2FB-1B3AA7E32659}.Debug|Any CPU.ActiveCfg = Debug|Any CPU
		{4CBB232D-3D90-4491-B2FB-1B3AA7E32659}.Debug|Any CPU.Build.0 = Debug|Any CPU
		{4CBB232D-3D90-4491-B2FB-1B3AA7E32659}.Release|Any CPU.ActiveCfg = Release|Any CPU
		{4CBB232D-3D90-4491-B2FB-1B3AA7E32659}.Release|Any CPU.Build.0 = Release|Any CPU
	EndGlobalSection
	GlobalSection(SolutionProperties) = preSolution
		HideSolutionNode = FALSE
	EndGlobalSection
	GlobalSection(ExtensibilityGlobals) = postSolution
		SolutionGuid = {FEE4C7FD-0D3B-4309-BB18-A0E6B4EE981B}
	EndGlobalSection
EndGlobal
